
Microsoft Visual Studio Solution File, Format Version 12.00
# Visual Studio 15
VisualStudioVersion = 15.0.28307.1231
MinimumVisualStudioVersion = 10.0.40219.1
Project("{00D1A9C2-B5F0-4AF3-8072-F6C62B433612}") = "SqlFirst", "SqlFirst\SqlFirst.sqlproj", "{D0182EBC-764C-4F7F-90C0-5B294A0BD4F3}"
EndProject
Project("{9A19103F-16F7-4668-BE54-9A1E7A4F7556}") = "AdoNetClient", "..\AdoNetClient\AdoNetClient.csproj", "{EF43DAC2-86B6-4765-BB9C-B9BAF1CDCF1B}"
EndProject
Project("{FAE04EC0-301F-11D3-BF4B-00C04F79EFBC}") = "DataSetFirst", "DataSetFirst\DataSetFirst.csproj", "{CE81CD42-4637-49D6-8280-CA734713F8AA}"
EndProject
Project("{FAE04EC0-301F-11D3-BF4B-00C04F79EFBC}") = "TestEntity", "TestEntity\TestEntity.csproj", "{00F0C8D9-63DD-4F76-813B-7E7F1A5122B4}"
EndProject
Global
	GlobalSection(SolutionConfigurationPlatforms) = preSolution
		Debug|Any CPU = Debug|Any CPU
		Release|Any CPU = Release|Any CPU
	EndGlobalSection
	GlobalSection(ProjectConfigurationPlatforms) = postSolution
		{D0182EBC-764C-4F7F-90C0-5B294A0BD4F3}.Debug|Any CPU.ActiveCfg = Debug|Any CPU
		{D0182EBC-764C-4F7F-90C0-5B294A0BD4F3}.Debug|Any CPU.Build.0 = Debug|Any CPU
		{D0182EBC-764C-4F7F-90C0-5B294A0BD4F3}.Debug|Any CPU.Deploy.0 = Debug|Any CPU
		{D0182EBC-764C-4F7F-90C0-5B294A0BD4F3}.Release|Any CPU.ActiveCfg = Release|Any CPU
		{D0182EBC-764C-4F7F-90C0-5B294A0BD4F3}.Release|Any CPU.Build.0 = Release|Any CPU
		{D0182EBC-764C-4F7F-90C0-5B294A0BD4F3}.Release|Any CPU.Deploy.0 = Release|Any CPU
		{EF43DAC2-86B6-4765-BB9C-B9BAF1CDCF1B}.Debug|Any CPU.ActiveCfg = Debug|Any CPU
		{EF43DAC2-86B6-4765-BB9C-B9BAF1CDCF1B}.Debug|Any CPU.Build.0 = Debug|Any CPU
		{EF43DAC2-86B6-4765-BB9C-B9BAF1CDCF1B}.Release|Any CPU.ActiveCfg = Release|Any CPU
		{EF43DAC2-86B6-4765-BB9C-B9BAF1CDCF1B}.Release|Any CPU.Build.0 = Release|Any CPU
		{CE81CD42-4637-49D6-8280-CA734713F8AA}.Debug|Any CPU.ActiveCfg = Debug|Any CPU
		{CE81CD42-4637-49D6-8280-CA734713F8AA}.Debug|Any CPU.Build.0 = Debug|Any CPU
		{CE81CD42-4637-49D6-8280-CA734713F8AA}.Release|Any CPU.ActiveCfg = Release|Any CPU
		{CE81CD42-4637-49D6-8280-CA734713F8AA}.Release|Any CPU.Build.0 = Release|Any CPU
		{00F0C8D9-63DD-4F76-813B-7E7F1A5122B4}.Debug|Any CPU.ActiveCfg = Debug|Any CPU
		{00F0C8D9-63DD-4F76-813B-7E7F1A5122B4}.Debug|Any CPU.Build.0 = Debug|Any CPU
		{00F0C8D9-63DD-4F76-813B-7E7F1A5122B4}.Release|Any CPU.ActiveCfg = Release|Any CPU
		{00F0C8D9-63DD-4F76-813B-7E7F1A5122B4}.Release|Any CPU.Build.0 = Release|Any CPU
	EndGlobalSection
	GlobalSection(SolutionProperties) = preSolution
		HideSolutionNode = FALSE
	EndGlobalSection
	GlobalSection(ExtensibilityGlobals) = postSolution
		SolutionGuid = {4D09C7AC-9D5F-4286-85F5-1CB12652BB18}
	EndGlobalSection
EndGlobal
